// !$*UTF8*$!
{
	archiveVersion = 1;
	classes = {
	};
	objectVersion = 46;
	objects = {

/* Begin PBXBuildFile section */
		92D8035519A0EC9900AEE9D5 /* AppDelegate.swift in Sources */ = {isa = PBXBuildFile; fileRef = 92D8035419A0EC9900AEE9D5 /* AppDelegate.swift */; };
		92D8035819A0EC9900AEE9D5 /* Swift_Box.xcdatamodeld in Sources */ = {isa = PBXBuildFile; fileRef = 92D8035619A0EC9900AEE9D5 /* Swift_Box.xcdatamodeld */; };
		92D8035A19A0EC9900AEE9D5 /* ViewController.swift in Sources */ = {isa = PBXBuildFile; fileRef = 92D8035919A0EC9900AEE9D5 /* ViewController.swift */; };
		92D8035D19A0EC9900AEE9D5 /* Main.storyboard in Resources */ = {isa = PBXBuildFile; fileRef = 92D8035B19A0EC9900AEE9D5 /* Main.storyboard */; };
		92D8035F19A0EC9900AEE9D5 /* Images.xcassets in Resources */ = {isa = PBXBuildFile; fileRef = 92D8035E19A0EC9900AEE9D5 /* Images.xcassets */; };
		92D8036B19A0EC9900AEE9D5 /* Swift_BoxTests.swift in Sources */ = {isa = PBXBuildFile; fileRef = 92D8036A19A0EC9900AEE9D5 /* Swift_BoxTests.swift */; };
/* End PBXBuildFile section */

/* Begin PBXContainerItemProxy section */
		92D8036519A0EC9900AEE9D5 /* PBXContainerItemProxy */ = {
			isa = PBXContainerItemProxy;
			containerPortal = 92D8034719A0EC9900AEE9D5 /* Project object */;
			proxyType = 1;
			remoteGlobalIDString = 92D8034E19A0EC9900AEE9D5;
			remoteInfo = "Swift-Box";
		};
/* End PBXContainerItemProxy section */

/* Begin PBXFileReference section */
		92D8034F19A0EC9900AEE9D5 /* Swift-Box.app */ = {isa = PBXFileReference; explicitFileType = wrapper.application; includeInIndex = 0; path = "Swift-Box.app"; sourceTree = BUILT_PRODUCTS_DIR; };
		92D8035319A0EC9900AEE9D5 /* Info.plist */ = {isa = PBXFileReference; lastKnownFileType = text.plist.xml; path = Info.plist; sourceTree = "<group>"; };
		92D8035419A0EC9900AEE9D5 /* AppDelegate.swift */ = {isa = PBXFileReference; lastKnownFileType = sourcecode.swift; path = AppDelegate.swift; sourceTree = "<group>"; };
		92D8035719A0EC9900AEE9D5 /* Swift_Box.xcdatamodel */ = {isa = PBXFileReference; lastKnownFileType = wrapper.xcdatamodel; path = Swift_Box.xcdatamodel; sourceTree = "<group>"; };
		92D8035919A0EC9900AEE9D5 /* ViewController.swift */ = {isa = PBXFileReference; lastKnownFileType = sourcecode.swift; path = ViewController.swift; sourceTree = "<group>"; };
		92D8035C19A0EC9900AEE9D5 /* Base */ = {isa = PBXFileReference; lastKnownFileType = file.storyboard; name = Base; path = Base.lproj/Main.storyboard; sourceTree = "<group>"; };
		92D8035E19A0EC9900AEE9D5 /* Images.xcassets */ = {isa = PBXFileReference; lastKnownFileType = folder.assetcatalog; path = Images.xcassets; sourceTree = "<group>"; };
		92D8036419A0EC9900AEE9D5 /* Swift-BoxTests.xctest */ = {isa = PBXFileReference; explicitFileType = wrapper.cfbundle; includeInIndex = 0; path = "Swift-BoxTests.xctest"; sourceTree = BUILT_PRODUCTS_DIR; };
		92D8036919A0EC9900AEE9D5 /* Info.plist */ = {isa = PBXFileReference; lastKnownFileType = text.plist.xml; path = Info.plist; sourceTree = "<group>"; };
		92D8036A19A0EC9900AEE9D5 /* Swift_BoxTests.swift */ = {isa = PBXFileReference; lastKnownFileType = sourcecode.swift; path = Swift_BoxTests.swift; sourceTree = "<group>"; };
/* End PBXFileReference section */

/* Begin PBXFrameworksBuildPhase section */
		92D8034C19A0EC9900AEE9D5 /* Frameworks */ = {
			isa = PBXFrameworksBuildPhase;
			buildActionMask = 2147483647;
			files = (
			);
			runOnlyForDeploymentPostprocessing = 0;
		};
		92D8036119A0EC9900AEE9D5 /* Frameworks */ = {
			isa = PBXFrameworksBuildPhase;
			buildActionMask = 2147483647;
			files = (
			);
			runOnlyForDeploymentPostprocessing = 0;
		};
/* End PBXFrameworksBuildPhase section */

/* Begin PBXGroup section */
		92D8034619A0EC9900AEE9D5 = {
			isa = PBXGroup;
			children = (
				92D8035119A0EC9900AEE9D5 /* Swift-Box */,
				92D8036719A0EC9900AEE9D5 /* Swift-BoxTests */,
				92D8035019A0EC9900AEE9D5 /* Products */,
			);
			sourceTree = "<group>";
		};
		92D8035019A0EC9900AEE9D5 /* Products */ = {
			isa = PBXGroup;
			children = (
				92D8034F19A0EC9900AEE9D5 /* Swift-Box.app */,
				92D8036419A0EC9900AEE9D5 /* Swift-BoxTests.xctest */,
			);
			name = Products;
			sourceTree = "<group>";
		};
		92D8035119A0EC9900AEE9D5 /* Swift-Box */ = {
			isa = PBXGroup;
			children = (
				92D8035419A0EC9900AEE9D5 /* AppDelegate.swift */,
				92D8035919A0EC9900AEE9D5 /* ViewController.swift */,
				92D8035B19A0EC9900AEE9D5 /* Main.storyboard */,
				92D8035E19A0EC9900AEE9D5 /* Images.xcassets */,
				92D8035619A0EC9900AEE9D5 /* Swift_Box.xcdatamodeld */,
				92D8035219A0EC9900AEE9D5 /* Supporting Files */,
			);
			path = "Swift-Box";
			sourceTree = "<group>";
		};
		92D8035219A0EC9900AEE9D5 /* Supporting Files */ = {
			isa = PBXGroup;
			children = (
				92D8035319A0EC9900AEE9D5 /* Info.plist */,
			);
			name = "Supporting Files";
			sourceTree = "<group>";
		};
		92D8036719A0EC9900AEE9D5 /* Swift-BoxTests */ = {
			isa = PBXGroup;
			children = (
				92D8036A19A0EC9900AEE9D5 /* Swift_BoxTests.swift */,
				92D8036819A0EC9900AEE9D5 /* Supporting Files */,
			);
			path = "Swift-BoxTests";
			sourceTree = "<group>";
		};
		92D8036819A0EC9900AEE9D5 /* Supporting Files */ = {
			isa = PBXGroup;
			children = (
				92D8036919A0EC9900AEE9D5 /* Info.plist */,
			);
			name = "Supporting Files";
			sourceTree = "<group>";
		};
/* End PBXGroup section */

/* Begin PBXNativeTarget section */
		92D8034E19A0EC9900AEE9D5 /* Swift-Box */ = {
			isa = PBXNativeTarget;
			buildConfigurationList = 92D8036E19A0EC9900AEE9D5 /* Build configuration list for PBXNativeTarget "Swift-Box" */;
			buildPhases = (
				92D8034B19A0EC9900AEE9D5 /* Sources */,
				92D8034C19A0EC9900AEE9D5 /* Frameworks */,
				92D8034D19A0EC9900AEE9D5 /* Resources */,
			);
			buildRules = (
			);
			dependencies = (
			);
			name = "Swift-Box";
			productName = "Swift-Box";
			productReference = 92D8034F19A0EC9900AEE9D5 /* Swift-Box.app */;
			productType = "com.apple.product-type.application";
		};
		92D8036319A0EC9900AEE9D5 /* Swift-BoxTests */ = {
			isa = PBXNativeTarget;
			buildConfigurationList = 92D8037119A0EC9900AEE9D5 /* Build configuration list for PBXNativeTarget "Swift-BoxTests" */;
			buildPhases = (
				92D8036019A0EC9900AEE9D5 /* Sources */,
				92D8036119A0EC9900AEE9D5 /* Frameworks */,
				92D8036219A0EC9900AEE9D5 /* Resources */,
			);
			buildRules = (
			);
			dependencies = (
				92D8036619A0EC9900AEE9D5 /* PBXTargetDependency */,
			);
			name = "Swift-BoxTests";
			productName = "Swift-BoxTests";
			productReference = 92D8036419A0EC9900AEE9D5 /* Swift-BoxTests.xctest */;
			productType = "com.apple.product-type.bundle.unit-test";
		};
/* End PBXNativeTarget section */

/* Begin PBXProject section */
		92D8034719A0EC9900AEE9D5 /* Project object */ = {
			isa = PBXProject;
			attributes = {
				LastUpgradeCheck = 0600;
				ORGANIZATIONNAME = ES;
				TargetAttributes = {
					92D8034E19A0EC9900AEE9D5 = {
						CreatedOnToolsVersion = 6.0;
					};
					92D8036319A0EC9900AEE9D5 = {
						CreatedOnToolsVersion = 6.0;
						TestTargetID = 92D8034E19A0EC9900AEE9D5;
					};
				};
			};
			buildConfigurationList = 92D8034A19A0EC9900AEE9D5 /* Build configuration list for PBXProject "Swift-Box" */;
			compatibilityVersion = "Xcode 3.2";
			developmentRegion = English;
			hasScannedForEncodings = 0;
			knownRegions = (
				en,
				Base,
			);
			mainGroup = 92D8034619A0EC9900AEE9D5;
			productRefGroup = 92D8035019A0EC9900AEE9D5 /* Products */;
			projectDirPath = "";
			projectRoot = "";
			targets = (
				92D8034E19A0EC9900AEE9D5 /* Swift-Box */,
				92D8036319A0EC9900AEE9D5 /* Swift-BoxTests */,
			);
		};
/* End PBXProject section */

/* Begin PBXResourcesBuildPhase section */
		92D8034D19A0EC9900AEE9D5 /* Resources */ = {
			isa = PBXResourcesBuildPhase;
			buildActionMask = 2147483647;
			files = (
				92D8035D19A0EC9900AEE9D5 /* Main.storyboard in Resources */,
				92D8035F19A0EC9900AEE9D5 /* Images.xcassets in Resources */,
			);
			runOnlyForDeploymentPostprocessing = 0;
		};
		92D8036219A0EC9900AEE9D5 /* Resources */ = {
			isa = PBXResourcesBuildPhase;
			buildActionMask = 2147483647;
			files = (
			);
			runOnlyForDeploymentPostprocessing = 0;
		};
/* End PBXResourcesBuildPhase section */

/* Begin PBXSourcesBuildPhase section */
		92D8034B19A0EC9900AEE9D5 /* Sources */ = {
			isa = PBXSourcesBuildPhase;
			buildActionMask = 2147483647;
			files = (
				92D8035A19A0EC9900AEE9D5 /* ViewController.swift in Sources */,
				92D8035519A0EC9900AEE9D5 /* AppDelegate.swift in Sources */,
				92D8035819A0EC9900AEE9D5 /* Swift_Box.xcdatamodeld in Sources */,
			);
			runOnlyForDeploymentPostprocessing = 0;
		};
		92D8036019A0EC9900AEE9D5 /* Sources */ = {
			isa = PBXSourcesBuildPhase;
			buildActionMask = 2147483647;
			files = (
				92D8036B19A0EC9900AEE9D5 /* Swift_BoxTests.swift in Sources */,
			);
			runOnlyForDeploymentPostprocessing = 0;
		};
/* End PBXSourcesBuildPhase section */

/* Begin PBXTargetDependency section */
		92D8036619A0EC9900AEE9D5 /* PBXTargetDependency */ = {
			isa = PBXTargetDependency;
			target = 92D8034E19A0EC9900AEE9D5 /* Swift-Box */;
			targetProxy = 92D8036519A0EC9900AEE9D5 /* PBXContainerItemProxy */;
		};
/* End PBXTargetDependency section */

/* Begin PBXVariantGroup section */
		92D8035B19A0EC9900AEE9D5 /* Main.storyboard */ = {
			isa = PBXVariantGroup;
			children = (
				92D8035C19A0EC9900AEE9D5 /* Base */,
			);
			name = Main.storyboard;
			sourceTree = "<group>";
		};
/* End PBXVariantGroup section */

/* Begin XCBuildConfiguration section */
		92D8036C19A0EC9900AEE9D5 /* Debug */ = {
			isa = XCBuildConfiguration;
			buildSettings = {
				ALWAYS_SEARCH_USER_PATHS = NO;
				CLANG_CXX_LANGUAGE_STANDARD = "gnu++0x";
				CLANG_CXX_LIBRARY = "libc++";
				CLANG_ENABLE_MODULES = YES;
				CLANG_ENABLE_OBJC_ARC = YES;
				CLANG_WARN_BOOL_CONVERSION = YES;
				CLANG_WARN_CONSTANT_CONVERSION = YES;
				CLANG_WARN_DIRECT_OBJC_ISA_USAGE = YES_ERROR;
				CLANG_WARN_EMPTY_BODY = YES;
				CLANG_WARN_ENUM_CONVERSION = YES;
				CLANG_WARN_INT_CONVERSION = YES;
				CLANG_WARN_OBJC_ROOT_CLASS = YES_ERROR;
				CLANG_WARN_UNREACHABLE_CODE = YES;
				CLANG_WARN__DUPLICATE_METHOD_MATCH = YES;
				"CODE_SIGN_IDENTITY[sdk=iphoneos*]" = "iPhone Developer";
				COPY_PHASE_STRIP = NO;
				ENABLE_STRICT_OBJC_MSGSEND = YES;
				GCC_C_LANGUAGE_STANDARD = gnu99;
				GCC_DYNAMIC_NO_PIC = NO;
				GCC_OPTIMIZATION_LEVEL = 0;
				GCC_PREPROCESSOR_DEFINITIONS = (
					"DEBUG=1",
					"$(inherited)",
				);
				GCC_SYMBOLS_PRIVATE_EXTERN = NO;
				GCC_WARN_64_TO_32_BIT_CONVERSION = YES;
				GCC_WARN_ABOUT_RETURN_TYPE = YES_ERROR;
				GCC_WARN_UNDECLARED_SELECTOR = YES;
				GCC_WARN_UNINITIALIZED_AUTOS = YES_AGGRESSIVE;
				GCC_WARN_UNUSED_FUNCTION = YES;
				GCC_WARN_UNUSED_VARIABLE = YES;
				IPHONEOS_DEPLOYMENT_TARGET = 8.0;
				METAL_ENABLE_DEBUG_INFO = YES;
				ONLY_ACTIVE_ARCH = YES;
				SDKROOT = iphoneos;
				SWIFT_OPTIMIZATION_LEVEL = "-Onone";
				TARGETED_DEVICE_FAMILY = "1,2";
			};
			name = Debug;
		};
		92D8036D19A0EC9900AEE9D5 /* Release */ = {
			isa = XCBuildConfiguration;
			buildSettings = {
				ALWAYS_SEARCH_USER_PATHS = NO;
				CLANG_CXX_LANGUAGE_STANDARD = "gnu++0x";
				CLANG_CXX_LIBRARY = "libc++";
				CLANG_ENABLE_MODULES = YES;
				CLANG_ENABLE_OBJC_ARC = YES;
				CLANG_WARN_BOOL_CONVERSION = YES;
				CLANG_WARN_CONSTANT_CONVERSION = YES;
				CLANG_WARN_DIRECT_OBJC_ISA_USAGE = YES_ERROR;
				CLANG_WARN_EMPTY_BODY = YES;
				CLANG_WARN_ENUM_CONVERSION = YES;
				CLANG_WARN_INT_CONVERSION = YES;
				CLANG_WARN_OBJC_ROOT_CLASS = YES_ERROR;
				CLANG_WARN_UNREACHABLE_CODE = YES;
				CLANG_WARN__DUPLICATE_METHOD_MATCH = YES;
				"CODE_SIGN_IDENTITY[sdk=iphoneos*]" = "iPhone Developer";
				COPY_PHASE_STRIP = YES;
				ENABLE_NS_ASSERTIONS = NO;
				ENABLE_STRICT_OBJC_MSGSEND = YES;
				GCC_C_LANGUAGE_STANDARD = gnu99;
				GCC_WARN_64_TO_32_BIT_CONVERSION = YES;
				GCC_WARN_ABOUT_RETURN_TYPE = YES_ERROR;
				GCC_WARN_UNDECLARED_SELECTOR = YES;
				GCC_WARN_UNINITIALIZED_AUTOS = YES_AGGRESSIVE;
				GCC_WARN_UNUSED_FUNCTION = YES;
				GCC_WARN_UNUSED_VARIABLE = YES;
				IPHONEOS_DEPLOYMENT_TARGET = 8.0;
				METAL_ENABLE_DEBUG_INFO = NO;
				SDKROOT = iphoneos;
				TARGETED_DEVICE_FAMILY = "1,2";
				VALIDATE_PRODUCT = YES;
			};
			name = Release;
		};
		92D8036F19A0EC9900AEE9D5 /* Debug */ = {
			isa = XCBuildConfiguration;
			buildSettings = {
				ASSETCATALOG_COMPILER_APPICON_NAME = AppIcon;
				ASSETCATALOG_COMPILER_LAUNCHIMAGE_NAME = LaunchImage;
				INFOPLIST_FILE = "Swift-Box/Info.plist";
				LD_RUNPATH_SEARCH_PATHS = "$(inherited) @executable_path/Frameworks";
				PRODUCT_NAME = "$(TARGET_NAME)";
			};
			name = Debug;
		};
		92D8037019A0EC9900AEE9D5 /* Release */ = {
			isa = XCBuildConfiguration;
			buildSettings = {
				ASSETCATALOG_COMPILER_APPICON_NAME = AppIcon;
				ASSETCATALOG_COMPILER_LAUNCHIMAGE_NAME = LaunchImage;
				INFOPLIST_FILE = "Swift-Box/Info.plist";
				LD_RUNPATH_SEARCH_PATHS = "$(inherited) @executable_path/Frameworks";
				PRODUCT_NAME = "$(TARGET_NAME)";
			};
			name = Release;
		};
		92D8037219A0EC9900AEE9D5 /* Debug */ = {
			isa = XCBuildConfiguration;
			buildSettings = {
				BUNDLE_LOADER = "$(BUILT_PRODUCTS_DIR)/Swift-Box.app/Swift-Box";
				FRAMEWORK_SEARCH_PATHS = (
					"$(SDKROOT)/Developer/Library/Frameworks",
					"$(inherited)",
				);
				GCC_PREPROCESSOR_DEFINITIONS = (
					"DEBUG=1",
					"$(inherited)",
				);
				INFOPLIST_FILE = "Swift-BoxTests/Info.plist";
				LD_RUNPATH_SEARCH_PATHS = "$(inherited) @executable_path/Frameworks @loader_path/Frameworks";
				METAL_ENABLE_DEBUG_INFO = YES;
				PRODUCT_NAME = "$(TARGET_NAME)";
				TEST_HOST = "$(BUNDLE_LOADER)";
			};
			name = Debug;
		};
		92D8037319A0EC9900AEE9D5 /* Release */ = {
			isa = XCBuildConfiguration;
			buildSettings = {
				BUNDLE_LOADER = "$(BUILT_PRODUCTS_DIR)/Swift-Box.app/Swift-Box";
				FRAMEWORK_SEARCH_PATHS = (
					"$(SDKROOT)/Developer/Library/Frameworks",
					"$(inherited)",
				);
				INFOPLIST_FILE = "Swift-BoxTests/Info.plist";
				LD_RUNPATH_SEARCH_PATHS = "$(inherited) @executable_path/Frameworks @loader_path/Frameworks";
				METAL_ENABLE_DEBUG_INFO = NO;
				PRODUCT_NAME = "$(TARGET_NAME)";
				TEST_HOST = "$(BUNDLE_LOADER)";
			};
			name = Release;
		};
/* End XCBuildConfiguration section */

/* Begin XCConfigurationList section */
		92D8034A19A0EC9900AEE9D5 /* Build configuration list for PBXProject "Swift-Box" */ = {
			isa = XCConfigurationList;
			buildConfigurations = (
				92D8036C19A0EC9900AEE9D5 /* Debug */,
				92D8036D19A0EC9900AEE9D5 /* Release */,
			);
			defaultConfigurationIsVisible = 0;
			defaultConfigurationName = Release;
		};
		92D8036E19A0EC9900AEE9D5 /* Build configuration list for PBXNativeTarget "Swift-Box" */ = {
			isa = XCConfigurationList;
			buildConfigurations = (
				92D8036F19A0EC9900AEE9D5 /* Debug */,
				92D8037019A0EC9900AEE9D5 /* Release */,
			);
			defaultConfigurationIsVisible = 0;
		};
		92D8037119A0EC9900AEE9D5 /* Build configuration list for PBXNativeTarget "Swift-BoxTests" */ = {
			isa = XCConfigurationList;
			buildConfigurations = (
				92D8037219A0EC9900AEE9D5 /* Debug */,
				92D8037319A0EC9900AEE9D5 /* Release */,
			);
			defaultConfigurationIsVisible = 0;
		};
/* End XCConfigurationList section */

/* Begin XCVersionGroup section */
		92D8035619A0EC9900AEE9D5 /* Swift_Box.xcdatamodeld */ = {
			isa = XCVersionGroup;
			children = (
				92D8035719A0EC9900AEE9D5 /* Swift_Box.xcdatamodel */,
			);
			currentVersion = 92D8035719A0EC9900AEE9D5 /* Swift_Box.xcdatamodel */;
			path = Swift_Box.xcdatamodeld;
			sourceTree = "<group>";
			versionGroupType = wrapper.xcdatamodel;
		};
/* End XCVersionGroup section */
	};
	rootObject = 92D8034719A0EC9900AEE9D5 /* Project object */;
}
